# THIS IS AN AUTOGENERATED FILE. DO NOT EDIT THIS FILE DIRECTLY.
# yarn lockfile v1


monaco-editor@^0.19.3:
  version "0.19.3"
  resolved "https://registry.yarnpkg.com/monaco-editor/-/monaco-editor-0.19.3.tgz#1c994b3186c00650dbcd034d5370d46bf56c0663"
  integrity sha512-2n1vJBVQF2Hhi7+r1mMeYsmlf18hjVb6E0v5SoMZyb4aeOmYPKun+CE3gYpiNA1KEvtSdaDHFBqH9d7Wd9vREg==

yaserver@^0.2.0:
  version "0.2.0"
  resolved "https://registry.yarnpkg.com/yaserver/-/yaserver-0.2.0.tgz#56393027dc13f3c1bb89d20e0bd17269aa927802"
  integrity sha512-onsELrl7Y42M4P3T9R0N/ZJNJRu4cGwzhDyOWIFRMJvPUIrGKInYGh+DJBefrbr1qoyDu7DSCLl9BL5hSSVfDA==
